
Microsoft Visual Studio Solution File, Format Version 12.00
# Visual Studio Version 17
VisualStudioVersion = 17.11.35219.272
MinimumVisualStudioVersion = 10.0.40219.1
Project("{9A19103F-16F7-4668-BE54-9A1E7A4F7556}") = "User.API", "User.API\User.API.csproj", "{195E59CB-615E-45B9-B8B0-FCC8FA15BA63}"
EndProject
Project("{2150E333-8FDC-42A3-9474-1A3956D46DE8}") = "ApiGateways", "ApiGateways", "{36849ABE-BBCC-49A9-8670-9120C49998DE}"
EndProject
Project("{2150E333-8FDC-42A3-9474-1A3956D46DE8}") = "BuildingBlocks", "BuildingBlocks", "{95930043-CBB6-4266-9D91-3BEB9FE8C88D}"
EndProject
Project("{2150E333-8FDC-42A3-9474-1A3956D46DE8}") = "Services", "Services", "{15F41D36-43A0-4A60-ABBC-EF9CDBA7384B}"
EndProject
Project("{2150E333-8FDC-42A3-9474-1A3956D46DE8}") = "User", "User", "{0C0A9DCB-59D3-4199-BC4F-F836E6D43D50}"
EndProject
Project("{2150E333-8FDC-42A3-9474-1A3956D46DE8}") = "Tests", "Tests", "{0059D882-D92A-47F1-B9EB-1E3B1D881083}"
EndProject
Project("{9A19103F-16F7-4668-BE54-9A1E7A4F7556}") = "YARPGateway.API", "YARPGateway.API\YARPGateway.API.csproj", "{E6C4EC7B-DA37-41A7-BE69-0E4D46556CF0}"
EndProject
Project("{9A19103F-16F7-4668-BE54-9A1E7A4F7556}") = "BaseShare.Common", "BaseShare.Common\BaseShare.Common.csproj", "{E33287CB-C749-4D88-A088-D2AC2D0B49EE}"
EndProject
Project("{9A19103F-16F7-4668-BE54-9A1E7A4F7556}") = "EventBus.Messages", "EventBus.Messages\EventBus.Messages.csproj", "{5048F139-C838-4A39-88E7-169DAA55B6CB}"
EndProject
Project("{9A19103F-16F7-4668-BE54-9A1E7A4F7556}") = "EventBusRabbitMQ", "EventBusRabbitMQ\EventBusRabbitMQ.csproj", "{F434CF24-C90F-4126-B152-2A803D2F787C}"
EndProject
Project("{9A19103F-16F7-4668-BE54-9A1E7A4F7556}") = "User.Application", "User.Application\User.Application.csproj", "{D1A9D96F-76FC-43BC-A7C3-3D6176544D89}"
EndProject
Project("{9A19103F-16F7-4668-BE54-9A1E7A4F7556}") = "User.Domain", "User.Domain\User.Domain.csproj", "{B056F5E6-04E3-4DA3-BF25-A67368890C1C}"
EndProject
Project("{9A19103F-16F7-4668-BE54-9A1E7A4F7556}") = "User.Infrastructure", "User.Infrastructure\User.Infrastructure.csproj", "{4E75CAD4-DD38-4627-86A0-B87BB37AA001}"
EndProject
Project("{E53339B2-1760-4266-BCC7-CA923CBCF16C}") = "docker-compose", "docker-compose.dcproj", "{58A431AE-38ED-470B-9CC3-F5A90E823802}"
EndProject
Project("{2150E333-8FDC-42A3-9474-1A3956D46DE8}") = "Log", "Log", "{A6862C49-99F0-443B-AE35-F93BAA0E6515}"
EndProject
Project("{9A19103F-16F7-4668-BE54-9A1E7A4F7556}") = "LogMessageBroker.API", "LogMessageBroker.API\LogMessageBroker.API.csproj", "{58E07C39-3B59-4E2C-9222-AC45E3489455}"
EndProject
Global
	GlobalSection(SolutionConfigurationPlatforms) = preSolution
		Debug|Any CPU = Debug|Any CPU
		Release|Any CPU = Release|Any CPU
	EndGlobalSection
	GlobalSection(ProjectConfigurationPlatforms) = postSolution
		{195E59CB-615E-45B9-B8B0-FCC8FA15BA63}.Debug|Any CPU.ActiveCfg = Debug|Any CPU
		{195E59CB-615E-45B9-B8B0-FCC8FA15BA63}.Debug|Any CPU.Build.0 = Debug|Any CPU
		{195E59CB-615E-45B9-B8B0-FCC8FA15BA63}.Release|Any CPU.ActiveCfg = Release|Any CPU
		{195E59CB-615E-45B9-B8B0-FCC8FA15BA63}.Release|Any CPU.Build.0 = Release|Any CPU
		{E6C4EC7B-DA37-41A7-BE69-0E4D46556CF0}.Debug|Any CPU.ActiveCfg = Debug|Any CPU
		{E6C4EC7B-DA37-41A7-BE69-0E4D46556CF0}.Debug|Any CPU.Build.0 = Debug|Any CPU
		{E6C4EC7B-DA37-41A7-BE69-0E4D46556CF0}.Release|Any CPU.ActiveCfg = Release|Any CPU
		{E6C4EC7B-DA37-41A7-BE69-0E4D46556CF0}.Release|Any CPU.Build.0 = Release|Any CPU
		{E33287CB-C749-4D88-A088-D2AC2D0B49EE}.Debug|Any CPU.ActiveCfg = Debug|Any CPU
		{E33287CB-C749-4D88-A088-D2AC2D0B49EE}.Debug|Any CPU.Build.0 = Debug|Any CPU
		{E33287CB-C749-4D88-A088-D2AC2D0B49EE}.Release|Any CPU.ActiveCfg = Release|Any CPU
		{E33287CB-C749-4D88-A088-D2AC2D0B49EE}.Release|Any CPU.Build.0 = Release|Any CPU
		{5048F139-C838-4A39-88E7-169DAA55B6CB}.Debug|Any CPU.ActiveCfg = Debug|Any CPU
		{5048F139-C838-4A39-88E7-169DAA55B6CB}.Debug|Any CPU.Build.0 = Debug|Any CPU
		{5048F139-C838-4A39-88E7-169DAA55B6CB}.Release|Any CPU.ActiveCfg = Release|Any CPU
		{5048F139-C838-4A39-88E7-169DAA55B6CB}.Release|Any CPU.Build.0 = Release|Any CPU
		{F434CF24-C90F-4126-B152-2A803D2F787C}.Debug|Any CPU.ActiveCfg = Debug|Any CPU
		{F434CF24-C90F-4126-B152-2A803D2F787C}.Debug|Any CPU.Build.0 = Debug|Any CPU
		{F434CF24-C90F-4126-B152-2A803D2F787C}.Release|Any CPU.ActiveCfg = Release|Any CPU
		{F434CF24-C90F-4126-B152-2A803D2F787C}.Release|Any CPU.Build.0 = Release|Any CPU
		{D1A9D96F-76FC-43BC-A7C3-3D6176544D89}.Debug|Any CPU.ActiveCfg = Debug|Any CPU
		{D1A9D96F-76FC-43BC-A7C3-3D6176544D89}.Debug|Any CPU.Build.0 = Debug|Any CPU
		{D1A9D96F-76FC-43BC-A7C3-3D6176544D89}.Release|Any CPU.ActiveCfg = Release|Any CPU
		{D1A9D96F-76FC-43BC-A7C3-3D6176544D89}.Release|Any CPU.Build.0 = Release|Any CPU
		{B056F5E6-04E3-4DA3-BF25-A67368890C1C}.Debug|Any CPU.ActiveCfg = Debug|Any CPU
		{B056F5E6-04E3-4DA3-BF25-A67368890C1C}.Debug|Any CPU.Build.0 = Debug|Any CPU
		{B056F5E6-04E3-4DA3-BF25-A67368890C1C}.Release|Any CPU.ActiveCfg = Release|Any CPU
		{B056F5E6-04E3-4DA3-BF25-A67368890C1C}.Release|Any CPU.Build.0 = Release|Any CPU
		{4E75CAD4-DD38-4627-86A0-B87BB37AA001}.Debug|Any CPU.ActiveCfg = Debug|Any CPU
		{4E75CAD4-DD38-4627-86A0-B87BB37AA001}.Debug|Any CPU.Build.0 = Debug|Any CPU
		{4E75CAD4-DD38-4627-86A0-B87BB37AA001}.Release|Any CPU.ActiveCfg = Release|Any CPU
		{4E75CAD4-DD38-4627-86A0-B87BB37AA001}.Release|Any CPU.Build.0 = Release|Any CPU
		{58A431AE-38ED-470B-9CC3-F5A90E823802}.Debug|Any CPU.ActiveCfg = Debug|Any CPU
		{58A431AE-38ED-470B-9CC3-F5A90E823802}.Debug|Any CPU.Build.0 = Debug|Any CPU
		{58A431AE-38ED-470B-9CC3-F5A90E823802}.Release|Any CPU.ActiveCfg = Release|Any CPU
		{58A431AE-38ED-470B-9CC3-F5A90E823802}.Release|Any CPU.Build.0 = Release|Any CPU
		{58E07C39-3B59-4E2C-9222-AC45E3489455}.Debug|Any CPU.ActiveCfg = Debug|Any CPU
		{58E07C39-3B59-4E2C-9222-AC45E3489455}.Debug|Any CPU.Build.0 = Debug|Any CPU
		{58E07C39-3B59-4E2C-9222-AC45E3489455}.Release|Any CPU.ActiveCfg = Release|Any CPU
		{58E07C39-3B59-4E2C-9222-AC45E3489455}.Release|Any CPU.Build.0 = Release|Any CPU
	EndGlobalSection
	GlobalSection(SolutionProperties) = preSolution
		HideSolutionNode = FALSE
	EndGlobalSection
	GlobalSection(NestedProjects) = preSolution
		{195E59CB-615E-45B9-B8B0-FCC8FA15BA63} = {0C0A9DCB-59D3-4199-BC4F-F836E6D43D50}
		{0C0A9DCB-59D3-4199-BC4F-F836E6D43D50} = {15F41D36-43A0-4A60-ABBC-EF9CDBA7384B}
		{0059D882-D92A-47F1-B9EB-1E3B1D881083} = {0C0A9DCB-59D3-4199-BC4F-F836E6D43D50}
		{E6C4EC7B-DA37-41A7-BE69-0E4D46556CF0} = {36849ABE-BBCC-49A9-8670-9120C49998DE}
		{E33287CB-C749-4D88-A088-D2AC2D0B49EE} = {95930043-CBB6-4266-9D91-3BEB9FE8C88D}
		{5048F139-C838-4A39-88E7-169DAA55B6CB} = {95930043-CBB6-4266-9D91-3BEB9FE8C88D}
		{F434CF24-C90F-4126-B152-2A803D2F787C} = {95930043-CBB6-4266-9D91-3BEB9FE8C88D}
		{D1A9D96F-76FC-43BC-A7C3-3D6176544D89} = {0C0A9DCB-59D3-4199-BC4F-F836E6D43D50}
		{B056F5E6-04E3-4DA3-BF25-A67368890C1C} = {0C0A9DCB-59D3-4199-BC4F-F836E6D43D50}
		{4E75CAD4-DD38-4627-86A0-B87BB37AA001} = {0C0A9DCB-59D3-4199-BC4F-F836E6D43D50}
		{A6862C49-99F0-443B-AE35-F93BAA0E6515} = {15F41D36-43A0-4A60-ABBC-EF9CDBA7384B}
		{58E07C39-3B59-4E2C-9222-AC45E3489455} = {A6862C49-99F0-443B-AE35-F93BAA0E6515}
	EndGlobalSection
	GlobalSection(ExtensibilityGlobals) = postSolution
		SolutionGuid = {6E8DCC0E-9E13-4BB4-9260-547810622083}
	EndGlobalSection
EndGlobal
